// !$*UTF8*$!
{
	archiveVersion = 1;
	classes = {
	};
	objectVersion = 55;
	objects = {

/* Begin PBXBuildFile section */
		1966B2CD28C2312900DCFE55 /* MealServiceMock.swift in Sources */ = {isa = PBXBuildFile; fileRef = 1966B2CC28C2312900DCFE55 /* MealServiceMock.swift */; };
		1966B2CF28C2415400DCFE55 /* MealViewModelDelegate.swift in Sources */ = {isa = PBXBuildFile; fileRef = 1966B2CE28C2415400DCFE55 /* MealViewModelDelegate.swift */; };
		F5027F6F28B4C8DF001CD702 /* Meals.swift in Sources */ = {isa = PBXBuildFile; fileRef = F5027F6E28B4C8DF001CD702 /* Meals.swift */; };
		F5027F7128B4CA28001CD702 /* K.swift in Sources */ = {isa = PBXBuildFile; fileRef = F5027F7028B4CA28001CD702 /* K.swift */; };
		F5111A5928BE41550037F3AD /* MealService.swift in Sources */ = {isa = PBXBuildFile; fileRef = F5111A5828BE41550037F3AD /* MealService.swift */; };
		F5111A5B28BE42D60037F3AD /* MealViewModel.swift in Sources */ = {isa = PBXBuildFile; fileRef = F5111A5A28BE42D60037F3AD /* MealViewModel.swift */; };
		F5111A5E28BE72E00037F3AD /* UIIMageView.swift in Sources */ = {isa = PBXBuildFile; fileRef = F5111A5D28BE72E00037F3AD /* UIIMageView.swift */; };
		F5380B9028B37E2400BC59D3 /* AppDelegate.swift in Sources */ = {isa = PBXBuildFile; fileRef = F5380B8F28B37E2400BC59D3 /* AppDelegate.swift */; };
		F5380B9228B37E2400BC59D3 /* SceneDelegate.swift in Sources */ = {isa = PBXBuildFile; fileRef = F5380B9128B37E2400BC59D3 /* SceneDelegate.swift */; };
		F5380B9428B37E2400BC59D3 /* ViewController.swift in Sources */ = {isa = PBXBuildFile; fileRef = F5380B9328B37E2400BC59D3 /* ViewController.swift */; };
		F5380B9728B37E2400BC59D3 /* Main.storyboard in Resources */ = {isa = PBXBuildFile; fileRef = F5380B9528B37E2400BC59D3 /* Main.storyboard */; };
		F5380B9928B37E2600BC59D3 /* Assets.xcassets in Resources */ = {isa = PBXBuildFile; fileRef = F5380B9828B37E2600BC59D3 /* Assets.xcassets */; };
		F5380B9C28B37E2600BC59D3 /* LaunchScreen.storyboard in Resources */ = {isa = PBXBuildFile; fileRef = F5380B9A28B37E2600BC59D3 /* LaunchScreen.storyboard */; };
		F5380BA728B37E2600BC59D3 /* RandoMealTests.swift in Sources */ = {isa = PBXBuildFile; fileRef = F5380BA628B37E2600BC59D3 /* RandoMealTests.swift */; };
		F5380BC728B3B26700BC59D3 /* DetailViewController.swift in Sources */ = {isa = PBXBuildFile; fileRef = F5380BC628B3B26700BC59D3 /* DetailViewController.swift */; };
		F5CFDBA228B4DAE300C83AEE /* Alamofire in Frameworks */ = {isa = PBXBuildFile; productRef = F5CFDBA128B4DAE300C83AEE /* Alamofire */; };
/* End PBXBuildFile section */

/* Begin PBXContainerItemProxy section */
		F5380BA328B37E2600BC59D3 /* PBXContainerItemProxy */ = {
			isa = PBXContainerItemProxy;
			containerPortal = F5380B8428B37E2400BC59D3 /* Project object */;
			proxyType = 1;
			remoteGlobalIDString = F5380B8B28B37E2400BC59D3;
			remoteInfo = RandoMeal;
		};
/* End PBXContainerItemProxy section */

/* Begin PBXFileReference section */
		1966B2CC28C2312900DCFE55 /* MealServiceMock.swift */ = {isa = PBXFileReference; lastKnownFileType = sourcecode.swift; path = MealServiceMock.swift; sourceTree = "<group>"; };
		1966B2CE28C2415400DCFE55 /* MealViewModelDelegate.swift */ = {isa = PBXFileReference; lastKnownFileType = sourcecode.swift; path = MealViewModelDelegate.swift; sourceTree = "<group>"; };
		F5027F6E28B4C8DF001CD702 /* Meals.swift */ = {isa = PBXFileReference; lastKnownFileType = sourcecode.swift; path = Meals.swift; sourceTree = "<group>"; };
		F5027F7028B4CA28001CD702 /* K.swift */ = {isa = PBXFileReference; lastKnownFileType = sourcecode.swift; path = K.swift; sourceTree = "<group>"; };
		F5111A5828BE41550037F3AD /* MealService.swift */ = {isa = PBXFileReference; lastKnownFileType = sourcecode.swift; path = MealService.swift; sourceTree = "<group>"; };
		F5111A5A28BE42D60037F3AD /* MealViewModel.swift */ = {isa = PBXFileReference; lastKnownFileType = sourcecode.swift; path = MealViewModel.swift; sourceTree = "<group>"; };
		F5111A5D28BE72E00037F3AD /* UIIMageView.swift */ = {isa = PBXFileReference; lastKnownFileType = sourcecode.swift; path = UIIMageView.swift; sourceTree = "<group>"; };
		F5380B8C28B37E2400BC59D3 /* RandoMeal.app */ = {isa = PBXFileReference; explicitFileType = wrapper.application; includeInIndex = 0; path = RandoMeal.app; sourceTree = BUILT_PRODUCTS_DIR; };
		F5380B8F28B37E2400BC59D3 /* AppDelegate.swift */ = {isa = PBXFileReference; lastKnownFileType = sourcecode.swift; path = AppDelegate.swift; sourceTree = "<group>"; };
		F5380B9128B37E2400BC59D3 /* SceneDelegate.swift */ = {isa = PBXFileReference; lastKnownFileType = sourcecode.swift; path = SceneDelegate.swift; sourceTree = "<group>"; };
		F5380B9328B37E2400BC59D3 /* ViewController.swift */ = {isa = PBXFileReference; lastKnownFileType = sourcecode.swift; path = ViewController.swift; sourceTree = "<group>"; };
		F5380B9628B37E2400BC59D3 /* Base */ = {isa = PBXFileReference; lastKnownFileType = file.storyboard; name = Base; path = Base.lproj/Main.storyboard; sourceTree = "<group>"; };
		F5380B9828B37E2600BC59D3 /* Assets.xcassets */ = {isa = PBXFileReference; lastKnownFileType = folder.assetcatalog; path = Assets.xcassets; sourceTree = "<group>"; };
		F5380B9B28B37E2600BC59D3 /* Base */ = {isa = PBXFileReference; lastKnownFileType = file.storyboard; name = Base; path = Base.lproj/LaunchScreen.storyboard; sourceTree = "<group>"; };
		F5380B9D28B37E2600BC59D3 /* Info.plist */ = {isa = PBXFileReference; lastKnownFileType = text.plist.xml; path = Info.plist; sourceTree = "<group>"; };
		F5380BA228B37E2600BC59D3 /* RandoMealTests.xctest */ = {isa = PBXFileReference; explicitFileType = wrapper.cfbundle; includeInIndex = 0; path = RandoMealTests.xctest; sourceTree = BUILT_PRODUCTS_DIR; };
		F5380BA628B37E2600BC59D3 /* RandoMealTests.swift */ = {isa = PBXFileReference; lastKnownFileType = sourcecode.swift; path = RandoMealTests.swift; sourceTree = "<group>"; };
		F5380BC628B3B26700BC59D3 /* DetailViewController.swift */ = {isa = PBXFileReference; lastKnownFileType = sourcecode.swift; path = DetailViewController.swift; sourceTree = "<group>"; };
/* End PBXFileReference section */

/* Begin PBXFrameworksBuildPhase section */
		F5380B8928B37E2400BC59D3 /* Frameworks */ = {
			isa = PBXFrameworksBuildPhase;
			buildActionMask = 2147483647;
			files = (
				F5CFDBA228B4DAE300C83AEE /* Alamofire in Frameworks */,
			);
			runOnlyForDeploymentPostprocessing = 0;
		};
		F5380B9F28B37E2600BC59D3 /* Frameworks */ = {
			isa = PBXFrameworksBuildPhase;
			buildActionMask = 2147483647;
			files = (
			);
			runOnlyForDeploymentPostprocessing = 0;
		};
/* End PBXFrameworksBuildPhase section */

/* Begin PBXGroup section */
		F5111A5728BE41430037F3AD /* Services */ = {
			isa = PBXGroup;
			children = (
				F5111A5828BE41550037F3AD /* MealService.swift */,
			);
			path = Services;
			sourceTree = "<group>";
		};
		F5111A5C28BE72AC0037F3AD /* Extensions */ = {
			isa = PBXGroup;
			children = (
				F5111A5D28BE72E00037F3AD /* UIIMageView.swift */,
			);
			path = Extensions;
			sourceTree = "<group>";
		};
		F5380B8328B37E2400BC59D3 = {
			isa = PBXGroup;
			children = (
				F5380B8E28B37E2400BC59D3 /* RandoMeal */,
				F5380BA528B37E2600BC59D3 /* RandoMealTests */,
				F5380B8D28B37E2400BC59D3 /* Products */,
			);
			sourceTree = "<group>";
		};
		F5380B8D28B37E2400BC59D3 /* Products */ = {
			isa = PBXGroup;
			children = (
				F5380B8C28B37E2400BC59D3 /* RandoMeal.app */,
				F5380BA228B37E2600BC59D3 /* RandoMealTests.xctest */,
			);
			name = Products;
			sourceTree = "<group>";
		};
		F5380B8E28B37E2400BC59D3 /* RandoMeal */ = {
			isa = PBXGroup;
			children = (
				F5111A5728BE41430037F3AD /* Services */,
				F5380B9D28B37E2600BC59D3 /* Info.plist */,
				F5380BC228B3B1FD00BC59D3 /* Model */,
				F5380BBF28B3B1C600BC59D3 /* View */,
				F5380BC328B3B20600BC59D3 /* ViewModel */,
				F5380BC128B3B1E800BC59D3 /* Controller */,
				F5380BC028B3B1D100BC59D3 /* Utilities */,
				F5111A5C28BE72AC0037F3AD /* Extensions */,
			);
			path = RandoMeal;
			sourceTree = "<group>";
		};
		F5380BA528B37E2600BC59D3 /* RandoMealTests */ = {
			isa = PBXGroup;
			children = (
				F5380BA628B37E2600BC59D3 /* RandoMealTests.swift */,
				1966B2CC28C2312900DCFE55 /* MealServiceMock.swift */,
				1966B2CE28C2415400DCFE55 /* MealViewModelDelegate.swift */,
			);
			path = RandoMealTests;
			sourceTree = "<group>";
		};
		F5380BBF28B3B1C600BC59D3 /* View */ = {
			isa = PBXGroup;
			children = (
				F5380B9528B37E2400BC59D3 /* Main.storyboard */,
				F5380B9A28B37E2600BC59D3 /* LaunchScreen.storyboard */,
			);
			path = View;
			sourceTree = "<group>";
		};
		F5380BC028B3B1D100BC59D3 /* Utilities */ = {
			isa = PBXGroup;
			children = (
				F5380B8F28B37E2400BC59D3 /* AppDelegate.swift */,
				F5380B9128B37E2400BC59D3 /* SceneDelegate.swift */,
				F5380B9828B37E2600BC59D3 /* Assets.xcassets */,
				F5027F7028B4CA28001CD702 /* K.swift */,
			);
			path = Utilities;
			sourceTree = "<group>";
		};
		F5380BC128B3B1E800BC59D3 /* Controller */ = {
			isa = PBXGroup;
			children = (
				F5380B9328B37E2400BC59D3 /* ViewController.swift */,
				F5380BC628B3B26700BC59D3 /* DetailViewController.swift */,
			);
			path = Controller;
			sourceTree = "<group>";
		};
		F5380BC228B3B1FD00BC59D3 /* Model */ = {
			isa = PBXGroup;
			children = (
				F5027F6E28B4C8DF001CD702 /* Meals.swift */,
			);
			path = Model;
			sourceTree = "<group>";
		};
		F5380BC328B3B20600BC59D3 /* ViewModel */ = {
			isa = PBXGroup;
			children = (
				F5111A5A28BE42D60037F3AD /* MealViewModel.swift */,
			);
			path = ViewModel;
			sourceTree = "<group>";
		};
/* End PBXGroup section */

/* Begin PBXNativeTarget section */
		F5380B8B28B37E2400BC59D3 /* RandoMeal */ = {
			isa = PBXNativeTarget;
			buildConfigurationList = F5380BB628B37E2600BC59D3 /* Build configuration list for PBXNativeTarget "RandoMeal" */;
			buildPhases = (
				F5380B8828B37E2400BC59D3 /* Sources */,
				F5380B8928B37E2400BC59D3 /* Frameworks */,
				F5380B8A28B37E2400BC59D3 /* Resources */,
			);
			buildRules = (
			);
			dependencies = (
			);
			name = RandoMeal;
			packageProductDependencies = (
				F5CFDBA128B4DAE300C83AEE /* Alamofire */,
			);
			productName = RandoMeal;
			productReference = F5380B8C28B37E2400BC59D3 /* RandoMeal.app */;
			productType = "com.apple.product-type.application";
		};
		F5380BA128B37E2600BC59D3 /* RandoMealTests */ = {
			isa = PBXNativeTarget;
			buildConfigurationList = F5380BB928B37E2600BC59D3 /* Build configuration list for PBXNativeTarget "RandoMealTests" */;
			buildPhases = (
				F5380B9E28B37E2600BC59D3 /* Sources */,
				F5380B9F28B37E2600BC59D3 /* Frameworks */,
				F5380BA028B37E2600BC59D3 /* Resources */,
			);
			buildRules = (
			);
			dependencies = (
				F5380BA428B37E2600BC59D3 /* PBXTargetDependency */,
			);
			name = RandoMealTests;
			productName = RandoMealTests;
			productReference = F5380BA228B37E2600BC59D3 /* RandoMealTests.xctest */;
			productType = "com.apple.product-type.bundle.unit-test";
		};
/* End PBXNativeTarget section */

/* Begin PBXProject section */
		F5380B8428B37E2400BC59D3 /* Project object */ = {
			isa = PBXProject;
			attributes = {
				BuildIndependentTargetsInParallel = 1;
				LastSwiftUpdateCheck = 1340;
				LastUpgradeCheck = 1340;
				TargetAttributes = {
					F5380B8B28B37E2400BC59D3 = {
						CreatedOnToolsVersion = 13.4.1;
					};
					F5380BA128B37E2600BC59D3 = {
						CreatedOnToolsVersion = 13.4.1;
						TestTargetID = F5380B8B28B37E2400BC59D3;
					};
				};
			};
			buildConfigurationList = F5380B8728B37E2400BC59D3 /* Build configuration list for PBXProject "RandoMeal" */;
			compatibilityVersion = "Xcode 13.0";
			developmentRegion = en;
			hasScannedForEncodings = 0;
			knownRegions = (
				en,
				Base,
			);
			mainGroup = F5380B8328B37E2400BC59D3;
			packageReferences = (
				F5CFDBA028B4DAE300C83AEE /* XCRemoteSwiftPackageReference "Alamofire" */,
			);
			productRefGroup = F5380B8D28B37E2400BC59D3 /* Products */;
			projectDirPath = "";
			projectRoot = "";
			targets = (
				F5380B8B28B37E2400BC59D3 /* RandoMeal */,
				F5380BA128B37E2600BC59D3 /* RandoMealTests */,
			);
		};
/* End PBXProject section */

/* Begin PBXResourcesBuildPhase section */
		F5380B8A28B37E2400BC59D3 /* Resources */ = {
			isa = PBXResourcesBuildPhase;
			buildActionMask = 2147483647;
			files = (
				F5380B9C28B37E2600BC59D3 /* LaunchScreen.storyboard in Resources */,
				F5380B9928B37E2600BC59D3 /* Assets.xcassets in Resources */,
				F5380B9728B37E2400BC59D3 /* Main.storyboard in Resources */,
			);
			runOnlyForDeploymentPostprocessing = 0;
		};
		F5380BA028B37E2600BC59D3 /* Resources */ = {
			isa = PBXResourcesBuildPhase;
			buildActionMask = 2147483647;
			files = (
			);
			runOnlyForDeploymentPostprocessing = 0;
		};
/* End PBXResourcesBuildPhase section */

/* Begin PBXSourcesBuildPhase section */
		F5380B8828B37E2400BC59D3 /* Sources */ = {
			isa = PBXSourcesBuildPhase;
			buildActionMask = 2147483647;
			files = (
				F5027F6F28B4C8DF001CD702 /* Meals.swift in Sources */,
				F5111A5B28BE42D60037F3AD /* MealViewModel.swift in Sources */,
				F5111A5E28BE72E00037F3AD /* UIIMageView.swift in Sources */,
				F5111A5928BE41550037F3AD /* MealService.swift in Sources */,
				F5380B9428B37E2400BC59D3 /* ViewController.swift in Sources */,
				F5380B9028B37E2400BC59D3 /* AppDelegate.swift in Sources */,
				F5027F7128B4CA28001CD702 /* K.swift in Sources */,
				F5380B9228B37E2400BC59D3 /* SceneDelegate.swift in Sources */,
				F5380BC728B3B26700BC59D3 /* DetailViewController.swift in Sources */,
			);
			runOnlyForDeploymentPostprocessing = 0;
		};
		F5380B9E28B37E2600BC59D3 /* Sources */ = {
			isa = PBXSourcesBuildPhase;
			buildActionMask = 2147483647;
			files = (
				1966B2CD28C2312900DCFE55 /* MealServiceMock.swift in Sources */,
				1966B2CF28C2415400DCFE55 /* MealViewModelDelegate.swift in Sources */,
				F5380BA728B37E2600BC59D3 /* RandoMealTests.swift in Sources */,
			);
			runOnlyForDeploymentPostprocessing = 0;
		};
/* End PBXSourcesBuildPhase section */

/* Begin PBXTargetDependency section */
		F5380BA428B37E2600BC59D3 /* PBXTargetDependency */ = {
			isa = PBXTargetDependency;
			target = F5380B8B28B37E2400BC59D3 /* RandoMeal */;
			targetProxy = F5380BA328B37E2600BC59D3 /* PBXContainerItemProxy */;
		};
/* End PBXTargetDependency section */

/* Begin PBXVariantGroup section */
		F5380B9528B37E2400BC59D3 /* Main.storyboard */ = {
			isa = PBXVariantGroup;
			children = (
				F5380B9628B37E2400BC59D3 /* Base */,
			);
			name = Main.storyboard;
			sourceTree = "<group>";
		};
		F5380B9A28B37E2600BC59D3 /* LaunchScreen.storyboard */ = {
			isa = PBXVariantGroup;
			children = (
				F5380B9B28B37E2600BC59D3 /* Base */,
			);
			name = LaunchScreen.storyboard;
			sourceTree = "<group>";
		};
/* End PBXVariantGroup section */

/* Begin XCBuildConfiguration section */
		F5380BB428B37E2600BC59D3 /* Debug */ = {
			isa = XCBuildConfiguration;
			buildSettings = {
				ALWAYS_SEARCH_USER_PATHS = NO;
				CLANG_ANALYZER_NONNULL = YES;
				CLANG_ANALYZER_NUMBER_OBJECT_CONVERSION = YES_AGGRESSIVE;
				CLANG_CXX_LANGUAGE_STANDARD = "gnu++17";
				CLANG_ENABLE_MODULES = YES;
				CLANG_ENABLE_OBJC_ARC = YES;
				CLANG_ENABLE_OBJC_WEAK = YES;
				CLANG_WARN_BLOCK_CAPTURE_AUTORELEASING = YES;
				CLANG_WARN_BOOL_CONVERSION = YES;
				CLANG_WARN_COMMA = YES;
				CLANG_WARN_CONSTANT_CONVERSION = YES;
				CLANG_WARN_DEPRECATED_OBJC_IMPLEMENTATIONS = YES;
				CLANG_WARN_DIRECT_OBJC_ISA_USAGE = YES_ERROR;
				CLANG_WARN_DOCUMENTATION_COMMENTS = YES;
				CLANG_WARN_EMPTY_BODY = YES;
				CLANG_WARN_ENUM_CONVERSION = YES;
				CLANG_WARN_INFINITE_RECURSION = YES;
				CLANG_WARN_INT_CONVERSION = YES;
				CLANG_WARN_NON_LITERAL_NULL_CONVERSION = YES;
				CLANG_WARN_OBJC_IMPLICIT_RETAIN_SELF = YES;
				CLANG_WARN_OBJC_LITERAL_CONVERSION = YES;
				CLANG_WARN_OBJC_ROOT_CLASS = YES_ERROR;
				CLANG_WARN_QUOTED_INCLUDE_IN_FRAMEWORK_HEADER = YES;
				CLANG_WARN_RANGE_LOOP_ANALYSIS = YES;
				CLANG_WARN_STRICT_PROTOTYPES = YES;
				CLANG_WARN_SUSPICIOUS_MOVE = YES;
				CLANG_WARN_UNGUARDED_AVAILABILITY = YES_AGGRESSIVE;
				CLANG_WARN_UNREACHABLE_CODE = YES;
				CLANG_WARN__DUPLICATE_METHOD_MATCH = YES;
				COPY_PHASE_STRIP = NO;
				DEBUG_INFORMATION_FORMAT = dwarf;
				ENABLE_STRICT_OBJC_MSGSEND = YES;
				ENABLE_TESTABILITY = YES;
				GCC_C_LANGUAGE_STANDARD = gnu11;
				GCC_DYNAMIC_NO_PIC = NO;
				GCC_NO_COMMON_BLOCKS = YES;
				GCC_OPTIMIZATION_LEVEL = 0;
				GCC_PREPROCESSOR_DEFINITIONS = (
					"DEBUG=1",
					"$(inherited)",
				);
				GCC_WARN_64_TO_32_BIT_CONVERSION = YES;
				GCC_WARN_ABOUT_RETURN_TYPE = YES_ERROR;
				GCC_WARN_UNDECLARED_SELECTOR = YES;
				GCC_WARN_UNINITIALIZED_AUTOS = YES_AGGRESSIVE;
				GCC_WARN_UNUSED_FUNCTION = YES;
				GCC_WARN_UNUSED_VARIABLE = YES;
				IPHONEOS_DEPLOYMENT_TARGET = 15.5;
				MTL_ENABLE_DEBUG_INFO = INCLUDE_SOURCE;
				MTL_FAST_MATH = YES;
				ONLY_ACTIVE_ARCH = YES;
				SDKROOT = iphoneos;
				SWIFT_ACTIVE_COMPILATION_CONDITIONS = DEBUG;
				SWIFT_OPTIMIZATION_LEVEL = "-Onone";
			};
			name = Debug;
		};
		F5380BB528B37E2600BC59D3 /* Release */ = {
			isa = XCBuildConfiguration;
			buildSettings = {
				ALWAYS_SEARCH_USER_PATHS = NO;
				CLANG_ANALYZER_NONNULL = YES;
				CLANG_ANALYZER_NUMBER_OBJECT_CONVERSION = YES_AGGRESSIVE;
				CLANG_CXX_LANGUAGE_STANDARD = "gnu++17";
				CLANG_ENABLE_MODULES = YES;
				CLANG_ENABLE_OBJC_ARC = YES;
				CLANG_ENABLE_OBJC_WEAK = YES;
				CLANG_WARN_BLOCK_CAPTURE_AUTORELEASING = YES;
				CLANG_WARN_BOOL_CONVERSION = YES;
				CLANG_WARN_COMMA = YES;
				CLANG_WARN_CONSTANT_CONVERSION = YES;
				CLANG_WARN_DEPRECATED_OBJC_IMPLEMENTATIONS = YES;
				CLANG_WARN_DIRECT_OBJC_ISA_USAGE = YES_ERROR;
				CLANG_WARN_DOCUMENTATION_COMMENTS = YES;
				CLANG_WARN_EMPTY_BODY = YES;
				CLANG_WARN_ENUM_CONVERSION = YES;
				CLANG_WARN_INFINITE_RECURSION = YES;
				CLANG_WARN_INT_CONVERSION = YES;
				CLANG_WARN_NON_LITERAL_NULL_CONVERSION = YES;
				CLANG_WARN_OBJC_IMPLICIT_RETAIN_SELF = YES;
				CLANG_WARN_OBJC_LITERAL_CONVERSION = YES;
				CLANG_WARN_OBJC_ROOT_CLASS = YES_ERROR;
				CLANG_WARN_QUOTED_INCLUDE_IN_FRAMEWORK_HEADER = YES;
				CLANG_WARN_RANGE_LOOP_ANALYSIS = YES;
				CLANG_WARN_STRICT_PROTOTYPES = YES;
				CLANG_WARN_SUSPICIOUS_MOVE = YES;
				CLANG_WARN_UNGUARDED_AVAILABILITY = YES_AGGRESSIVE;
				CLANG_WARN_UNREACHABLE_CODE = YES;
				CLANG_WARN__DUPLICATE_METHOD_MATCH = YES;
				COPY_PHASE_STRIP = NO;
				DEBUG_INFORMATION_FORMAT = "dwarf-with-dsym";
				ENABLE_NS_ASSERTIONS = NO;
				ENABLE_STRICT_OBJC_MSGSEND = YES;
				GCC_C_LANGUAGE_STANDARD = gnu11;
				GCC_NO_COMMON_BLOCKS = YES;
				GCC_WARN_64_TO_32_BIT_CONVERSION = YES;
				GCC_WARN_ABOUT_RETURN_TYPE = YES_ERROR;
				GCC_WARN_UNDECLARED_SELECTOR = YES;
				GCC_WARN_UNINITIALIZED_AUTOS = YES_AGGRESSIVE;
				GCC_WARN_UNUSED_FUNCTION = YES;
				GCC_WARN_UNUSED_VARIABLE = YES;
				IPHONEOS_DEPLOYMENT_TARGET = 15.5;
				MTL_ENABLE_DEBUG_INFO = NO;
				MTL_FAST_MATH = YES;
				SDKROOT = iphoneos;
				SWIFT_COMPILATION_MODE = wholemodule;
				SWIFT_OPTIMIZATION_LEVEL = "-O";
				VALIDATE_PRODUCT = YES;
			};
			name = Release;
		};
		F5380BB728B37E2600BC59D3 /* Debug */ = {
			isa = XCBuildConfiguration;
			buildSettings = {
				ASSETCATALOG_COMPILER_APPICON_NAME = AppIcon;
				ASSETCATALOG_COMPILER_GLOBAL_ACCENT_COLOR_NAME = AccentColor;
				CODE_SIGN_STYLE = Automatic;
				CURRENT_PROJECT_VERSION = 1;
				DEVELOPMENT_TEAM = X7G8P2YRKM;
				GENERATE_INFOPLIST_FILE = YES;
				INFOPLIST_FILE = RandoMeal/Info.plist;
				INFOPLIST_KEY_UIApplicationSupportsIndirectInputEvents = YES;
				INFOPLIST_KEY_UILaunchStoryboardName = LaunchScreen;
				INFOPLIST_KEY_UIMainStoryboardFile = Main;
				INFOPLIST_KEY_UISupportedInterfaceOrientations_iPad = "UIInterfaceOrientationPortrait UIInterfaceOrientationPortraitUpsideDown UIInterfaceOrientationLandscapeLeft UIInterfaceOrientationLandscapeRight";
				INFOPLIST_KEY_UISupportedInterfaceOrientations_iPhone = "UIInterfaceOrientationPortrait UIInterfaceOrientationLandscapeLeft UIInterfaceOrientationLandscapeRight";
				LD_RUNPATH_SEARCH_PATHS = (
					"$(inherited)",
					"@executable_path/Frameworks",
				);
				MARKETING_VERSION = 1.0;
				PRODUCT_BUNDLE_IDENTIFIER = rrudziutki.RandoMeal;
				PRODUCT_NAME = "$(TARGET_NAME)";
				SWIFT_EMIT_LOC_STRINGS = YES;
				SWIFT_VERSION = 5.0;
				TARGETED_DEVICE_FAMILY = "1,2";
			};
			name = Debug;
		};
		F5380BB828B37E2600BC59D3 /* Release */ = {
			isa = XCBuildConfiguration;
			buildSettings = {
				ASSETCATALOG_COMPILER_APPICON_NAME = AppIcon;
				ASSETCATALOG_COMPILER_GLOBAL_ACCENT_COLOR_NAME = AccentColor;
				CODE_SIGN_STYLE = Automatic;
				CURRENT_PROJECT_VERSION = 1;
				DEVELOPMENT_TEAM = X7G8P2YRKM;
				GENERATE_INFOPLIST_FILE = YES;
				INFOPLIST_FILE = RandoMeal/Info.plist;
				INFOPLIST_KEY_UIApplicationSupportsIndirectInputEvents = YES;
				INFOPLIST_KEY_UILaunchStoryboardName = LaunchScreen;
				INFOPLIST_KEY_UIMainStoryboardFile = Main;
				INFOPLIST_KEY_UISupportedInterfaceOrientations_iPad = "UIInterfaceOrientationPortrait UIInterfaceOrientationPortraitUpsideDown UIInterfaceOrientationLandscapeLeft UIInterfaceOrientationLandscapeRight";
				INFOPLIST_KEY_UISupportedInterfaceOrientations_iPhone = "UIInterfaceOrientationPortrait UIInterfaceOrientationLandscapeLeft UIInterfaceOrientationLandscapeRight";
				LD_RUNPATH_SEARCH_PATHS = (
					"$(inherited)",
					"@executable_path/Frameworks",
				);
				MARKETING_VERSION = 1.0;
				PRODUCT_BUNDLE_IDENTIFIER = rrudziutki.RandoMeal;
				PRODUCT_NAME = "$(TARGET_NAME)";
				SWIFT_EMIT_LOC_STRINGS = YES;
				SWIFT_VERSION = 5.0;
				TARGETED_DEVICE_FAMILY = "1,2";
			};
			name = Release;
		};
		F5380BBA28B37E2600BC59D3 /* Debug */ = {
			isa = XCBuildConfiguration;
			buildSettings = {
				ALWAYS_EMBED_SWIFT_STANDARD_LIBRARIES = YES;
				BUNDLE_LOADER = "$(TEST_HOST)";
				CODE_SIGN_STYLE = Automatic;
				CURRENT_PROJECT_VERSION = 1;
				DEVELOPMENT_TEAM = X7G8P2YRKM;
				GENERATE_INFOPLIST_FILE = YES;
				IPHONEOS_DEPLOYMENT_TARGET = 15.5;
				MARKETING_VERSION = 1.0;
				PRODUCT_BUNDLE_IDENTIFIER = rrudziutki.RandoMealTests;
				PRODUCT_NAME = "$(TARGET_NAME)";
				SWIFT_EMIT_LOC_STRINGS = NO;
				SWIFT_VERSION = 5.0;
				TARGETED_DEVICE_FAMILY = "1,2";
				TEST_HOST = "$(BUILT_PRODUCTS_DIR)/RandoMeal.app/RandoMeal";
			};
			name = Debug;
		};
		F5380BBB28B37E2600BC59D3 /* Release */ = {
			isa = XCBuildConfiguration;
			buildSettings = {
				ALWAYS_EMBED_SWIFT_STANDARD_LIBRARIES = YES;
				BUNDLE_LOADER = "$(TEST_HOST)";
				CODE_SIGN_STYLE = Automatic;
				CURRENT_PROJECT_VERSION = 1;
				DEVELOPMENT_TEAM = X7G8P2YRKM;
				GENERATE_INFOPLIST_FILE = YES;
				IPHONEOS_DEPLOYMENT_TARGET = 15.5;
				MARKETING_VERSION = 1.0;
				PRODUCT_BUNDLE_IDENTIFIER = rrudziutki.RandoMealTests;
				PRODUCT_NAME = "$(TARGET_NAME)";
				SWIFT_EMIT_LOC_STRINGS = NO;
				SWIFT_VERSION = 5.0;
				TARGETED_DEVICE_FAMILY = "1,2";
				TEST_HOST = "$(BUILT_PRODUCTS_DIR)/RandoMeal.app/RandoMeal";
			};
			name = Release;
		};
/* End XCBuildConfiguration section */

/* Begin XCConfigurationList section */
		F5380B8728B37E2400BC59D3 /* Build configuration list for PBXProject "RandoMeal" */ = {
			isa = XCConfigurationList;
			buildConfigurations = (
				F5380BB428B37E2600BC59D3 /* Debug */,
				F5380BB528B37E2600BC59D3 /* Release */,
			);
			defaultConfigurationIsVisible = 0;
			defaultConfigurationName = Release;
		};
		F5380BB628B37E2600BC59D3 /* Build configuration list for PBXNativeTarget "RandoMeal" */ = {
			isa = XCConfigurationList;
			buildConfigurations = (
				F5380BB728B37E2600BC59D3 /* Debug */,
				F5380BB828B37E2600BC59D3 /* Release */,
			);
			defaultConfigurationIsVisible = 0;
			defaultConfigurationName = Release;
		};
		F5380BB928B37E2600BC59D3 /* Build configuration list for PBXNativeTarget "RandoMealTests" */ = {
			isa = XCConfigurationList;
			buildConfigurations = (
				F5380BBA28B37E2600BC59D3 /* Debug */,
				F5380BBB28B37E2600BC59D3 /* Release */,
			);
			defaultConfigurationIsVisible = 0;
			defaultConfigurationName = Release;
		};
/* End XCConfigurationList section */

/* Begin XCRemoteSwiftPackageReference section */
		F5CFDBA028B4DAE300C83AEE /* XCRemoteSwiftPackageReference "Alamofire" */ = {
			isa = XCRemoteSwiftPackageReference;
			repositoryURL = "https://github.com/Alamofire/Alamofire.git";
			requirement = {
				kind = upToNextMajorVersion;
				minimumVersion = 5.0.0;
			};
		};
/* End XCRemoteSwiftPackageReference section */

/* Begin XCSwiftPackageProductDependency section */
		F5CFDBA128B4DAE300C83AEE /* Alamofire */ = {
			isa = XCSwiftPackageProductDependency;
			package = F5CFDBA028B4DAE300C83AEE /* XCRemoteSwiftPackageReference "Alamofire" */;
			productName = Alamofire;
		};
/* End XCSwiftPackageProductDependency section */
	};
	rootObject = F5380B8428B37E2400BC59D3 /* Project object */;
}
